
Microsoft Visual Studio Solution File, Format Version 12.00
# Visual Studio 15
VisualStudioVersion = 15.0.28307.329
MinimumVisualStudioVersion = 10.0.40219.1
Project("{FAE04EC0-301F-11D3-BF4B-00C04F79EFBC}") = "hero_drive_core", "hero_drive_core\hero_drive_core.csproj", "{FAEAB8A6-FA9B-4E26-8467-DB41453E30F3}"
EndProject
Global
	GlobalSection(SolutionConfigurationPlatforms) = preSolution
		Debug|Any CPU = Debug|Any CPU
		Release|Any CPU = Release|Any CPU
	EndGlobalSection
	GlobalSection(ProjectConfigurationPlatforms) = postSolution
		{FAEAB8A6-FA9B-4E26-8467-DB41453E30F3}.Debug|Any CPU.ActiveCfg = Debug|Any CPU
		{FAEAB8A6-FA9B-4E26-8467-DB41453E30F3}.Debug|Any CPU.Build.0 = Debug|Any CPU
		{FAEAB8A6-FA9B-4E26-8467-DB41453E30F3}.Release|Any CPU.ActiveCfg = Release|Any CPU
		{FAEAB8A6-FA9B-4E26-8467-DB41453E30F3}.Release|Any CPU.Build.0 = Release|Any CPU
	EndGlobalSection
	GlobalSection(SolutionProperties) = preSolution
		HideSolutionNode = FALSE
	EndGlobalSection
	GlobalSection(ExtensibilityGlobals) = postSolution
		SolutionGuid = {40B29718-422F-4458-A2CB-31F38E89A238}
	EndGlobalSection
EndGlobal
